
Microsoft Visual Studio Solution File, Format Version 12.00
# Visual Studio Version 17
VisualStudioVersion = 17.8.34511.84
MinimumVisualStudioVersion = 10.0.40219.1
Project("{FAE04EC0-301F-11D3-BF4B-00C04F79EFBC}") = "Lab02_05_WinContainer", "Lab02_05_WinContainer.csproj", "{7D0330BF-BBE3-49C7-AE09-10C60E60C6C1}"
EndProject
Global
	GlobalSection(SolutionConfigurationPlatforms) = preSolution
		Debug|Any CPU = Debug|Any CPU
		Release|Any CPU = Release|Any CPU
	EndGlobalSection
	GlobalSection(ProjectConfigurationPlatforms) = postSolution
		{7D0330BF-BBE3-49C7-AE09-10C60E60C6C1}.Debug|Any CPU.ActiveCfg = Debug|Any CPU
		{7D0330BF-BBE3-49C7-AE09-10C60E60C6C1}.Debug|Any CPU.Build.0 = Debug|Any CPU
		{7D0330BF-BBE3-49C7-AE09-10C60E60C6C1}.Release|Any CPU.ActiveCfg = Release|Any CPU
		{7D0330BF-BBE3-49C7-AE09-10C60E60C6C1}.Release|Any CPU.Build.0 = Release|Any CPU
	EndGlobalSection
	GlobalSection(SolutionProperties) = preSolution
		HideSolutionNode = FALSE
	EndGlobalSection
	GlobalSection(ExtensibilityGlobals) = postSolution
		SolutionGuid = {786C2C96-2AE8-4AAC-9DC0-704EE0960FE0}
	EndGlobalSection
EndGlobal
